
Microsoft Visual Studio Solution File, Format Version 12.00
# Visual Studio Version 17
VisualStudioVersion = 17.5.002.0
MinimumVisualStudioVersion = 10.0.40219.1
Project("{9A19103F-16F7-4668-BE54-9A1E7A4F7556}") = "Portofoliu", "Portofoliu.csproj", "{D4B7DFB3-70C7-4BC1-9404-A5EFAFE4E752}"
EndProject
Global
	GlobalSection(SolutionConfigurationPlatforms) = preSolution
		Debug|Any CPU = Debug|Any CPU
		Release|Any CPU = Release|Any CPU
	EndGlobalSection
	GlobalSection(ProjectConfigurationPlatforms) = postSolution
		{D4B7DFB3-70C7-4BC1-9404-A5EFAFE4E752}.Debug|Any CPU.ActiveCfg = Debug|Any CPU
		{D4B7DFB3-70C7-4BC1-9404-A5EFAFE4E752}.Debug|Any CPU.Build.0 = Debug|Any CPU
		{D4B7DFB3-70C7-4BC1-9404-A5EFAFE4E752}.Release|Any CPU.ActiveCfg = Release|Any CPU
		{D4B7DFB3-70C7-4BC1-9404-A5EFAFE4E752}.Release|Any CPU.Build.0 = Release|Any CPU
	EndGlobalSection
	GlobalSection(SolutionProperties) = preSolution
		HideSolutionNode = FALSE
	EndGlobalSection
	GlobalSection(ExtensibilityGlobals) = postSolution
		SolutionGuid = {DF4B269E-D24E-4150-A5F4-43828E17712B}
	EndGlobalSection
EndGlobal
